
Microsoft Visual Studio Solution File, Format Version 12.00
Project("{FAE04EC0-301F-11D3-BF4B-00C04F79EFBC}") = "clase1", "clase1\clase1.csproj", "{70F15BF0-363D-4363-B2DC-4ED2B0ACF3CD}"
EndProject
Global
	GlobalSection(SolutionConfigurationPlatforms) = preSolution
		Debug|Any CPU = Debug|Any CPU
		Release|Any CPU = Release|Any CPU
	EndGlobalSection
	GlobalSection(ProjectConfigurationPlatforms) = postSolution
		{70F15BF0-363D-4363-B2DC-4ED2B0ACF3CD}.Debug|Any CPU.ActiveCfg = Debug|Any CPU
		{70F15BF0-363D-4363-B2DC-4ED2B0ACF3CD}.Debug|Any CPU.Build.0 = Debug|Any CPU
		{70F15BF0-363D-4363-B2DC-4ED2B0ACF3CD}.Release|Any CPU.ActiveCfg = Release|Any CPU
		{70F15BF0-363D-4363-B2DC-4ED2B0ACF3CD}.Release|Any CPU.Build.0 = Release|Any CPU
	EndGlobalSection
EndGlobal
